// !$*UTF8*$!
{
	archiveVersion = 1;
	classes = {
	};
	objectVersion = 48;
	objects = {

/* Begin PBXBuildFile section */
		27070D0C2087014F002AD1AE /* DetailViewController.swift in Sources */ = {isa = PBXBuildFile; fileRef = 27070D0B2087014F002AD1AE /* DetailViewController.swift */; };
		27305EF7206EE2FA00B2B995 /* GoogleService-Info.plist in Resources */ = {isa = PBXBuildFile; fileRef = 27305EF6206EE2FA00B2B995 /* GoogleService-Info.plist */; };
		278538A62071A59400B1AC71 /* SettingsViewController.swift in Sources */ = {isa = PBXBuildFile; fileRef = 278538A52071A59400B1AC71 /* SettingsViewController.swift */; };
		27E18F992044DD600094E3FC /* ProfileUser.storyboard in Resources */ = {isa = PBXBuildFile; fileRef = 27E18F982044DD600094E3FC /* ProfileUser.storyboard */; };
		27E18F9C2044DDAF0094E3FC /* Post.storyboard in Resources */ = {isa = PBXBuildFile; fileRef = 27E18F9A2044DDAF0094E3FC /* Post.storyboard */; };
		27E18F9E2044DE520094E3FC /* Home.storyboard in Resources */ = {isa = PBXBuildFile; fileRef = 27E18F9D2044DE520094E3FC /* Home.storyboard */; };
		27E18FA12044DEBB0094E3FC /* Search.storyboard in Resources */ = {isa = PBXBuildFile; fileRef = 27E18F9F2044DEBB0094E3FC /* Search.storyboard */; };
		860222402047329F0019425B /* Start.storyboard in Resources */ = {isa = PBXBuildFile; fileRef = 8602223E2047329F0019425B /* Start.storyboard */; };
		86057C57207FBBB900D0BF5A /* AuthService.swift in Sources */ = {isa = PBXBuildFile; fileRef = 86057C56207FBBB900D0BF5A /* AuthService.swift */; };
		861F8CD02061C7AB00C4D471 /* SignUpViewController.swift in Sources */ = {isa = PBXBuildFile; fileRef = 861F8CCF2061C7AB00C4D471 /* SignUpViewController.swift */; };
		8640EBDA20743BAA00D3435C /* SearchViewController.swift in Sources */ = {isa = PBXBuildFile; fileRef = 8640EBD920743BAA00D3435C /* SearchViewController.swift */; };
		8640EBDC20743C8800D3435C /* PeopleTableViewCell.swift in Sources */ = {isa = PBXBuildFile; fileRef = 8640EBDB20743C8800D3435C /* PeopleTableViewCell.swift */; };
		867EAE8E2062F31900AF7F91 /* User.swift in Sources */ = {isa = PBXBuildFile; fileRef = 867EAE8D2062F31900AF7F91 /* User.swift */; };
		8686F1D5206EEB950046BC82 /* ResetPasswordViewController.swift in Sources */ = {isa = PBXBuildFile; fileRef = 8686F1D4206EEB950046BC82 /* ResetPasswordViewController.swift */; };
		868FA5AF2062B81F00BE3484 /* Post.swift in Sources */ = {isa = PBXBuildFile; fileRef = 868FA5AE2062B81F00BE3484 /* Post.swift */; };
		868FA5B32062B84400BE3484 /* PostTableViewCell.swift in Sources */ = {isa = PBXBuildFile; fileRef = 868FA5B02062B84400BE3484 /* PostTableViewCell.swift */; };
		868FA5B42062B84400BE3484 /* PostViewController.swift in Sources */ = {isa = PBXBuildFile; fileRef = 868FA5B12062B84400BE3484 /* PostViewController.swift */; };
		868FA5B52062B84400BE3484 /* HomeViewController.swift in Sources */ = {isa = PBXBuildFile; fileRef = 868FA5B22062B84400BE3484 /* HomeViewController.swift */; };
		868FA5BB2062C15600BE3484 /* ProfileUserViewController.swift in Sources */ = {isa = PBXBuildFile; fileRef = 868FA5BA2062C15600BE3484 /* ProfileUserViewController.swift */; };
		868FA5BF2062C1F300BE3484 /* PhotoCollectionViewCell.swift in Sources */ = {isa = PBXBuildFile; fileRef = 868FA5BE2062C1F300BE3484 /* PhotoCollectionViewCell.swift */; };
		868FA5C12062C20400BE3484 /* HeaderProfileCollectionReusableView.swift in Sources */ = {isa = PBXBuildFile; fileRef = 868FA5C02062C20400BE3484 /* HeaderProfileCollectionReusableView.swift */; };
		86BDF399206085FE00B74C21 /* SignInViewController.swift in Sources */ = {isa = PBXBuildFile; fileRef = 86BDF398206085FE00B74C21 /* SignInViewController.swift */; };
		86DA6121207D4D4A006A5A85 /* Api.swift in Sources */ = {isa = PBXBuildFile; fileRef = 86DA6120207D4D4A006A5A85 /* Api.swift */; };
		86F56872203F23970018FFBE /* AppDelegate.swift in Sources */ = {isa = PBXBuildFile; fileRef = 86F56871203F23970018FFBE /* AppDelegate.swift */; };
		86F56879203F23970018FFBE /* Main.storyboard in Resources */ = {isa = PBXBuildFile; fileRef = 86F56877203F23970018FFBE /* Main.storyboard */; };
		86F5687B203F23970018FFBE /* Assets.xcassets in Resources */ = {isa = PBXBuildFile; fileRef = 86F5687A203F23970018FFBE /* Assets.xcassets */; };
		86F5687E203F23970018FFBE /* LaunchScreen.storyboard in Resources */ = {isa = PBXBuildFile; fileRef = 86F5687C203F23970018FFBE /* LaunchScreen.storyboard */; };
		969CC3D623B6251D4D1CF807 /* Pods_FoodBook.framework in Frameworks */ = {isa = PBXBuildFile; fileRef = 44BE3D0FD003220376CC5473 /* Pods_FoodBook.framework */; };
/* End PBXBuildFile section */

/* Begin PBXFileReference section */
		09AFD7025CB79A0F7FA763CE /* Pods-FoodBook.release.xcconfig */ = {isa = PBXFileReference; includeInIndex = 1; lastKnownFileType = text.xcconfig; name = "Pods-FoodBook.release.xcconfig"; path = "Pods/Target Support Files/Pods-FoodBook/Pods-FoodBook.release.xcconfig"; sourceTree = "<group>"; };
		27070D0B2087014F002AD1AE /* DetailViewController.swift */ = {isa = PBXFileReference; lastKnownFileType = sourcecode.swift; name = DetailViewController.swift; path = "FoodBook/New Group1/DetailViewController.swift"; sourceTree = SOURCE_ROOT; };
		27305EF6206EE2FA00B2B995 /* GoogleService-Info.plist */ = {isa = PBXFileReference; fileEncoding = 4; lastKnownFileType = text.plist.xml; path = "GoogleService-Info.plist"; sourceTree = "<group>"; };
		278538A52071A59400B1AC71 /* SettingsViewController.swift */ = {isa = PBXFileReference; lastKnownFileType = sourcecode.swift; path = SettingsViewController.swift; sourceTree = "<group>"; };
		27E18F982044DD600094E3FC /* ProfileUser.storyboard */ = {isa = PBXFileReference; fileEncoding = 4; lastKnownFileType = file.storyboard; path = ProfileUser.storyboard; sourceTree = "<group>"; };
		27E18F9B2044DDAF0094E3FC /* Base */ = {isa = PBXFileReference; lastKnownFileType = file.storyboard; name = Base; path = FoodBook/Base.lproj/Post.storyboard; sourceTree = "<group>"; };
		27E18F9D2044DE520094E3FC /* Home.storyboard */ = {isa = PBXFileReference; fileEncoding = 4; lastKnownFileType = file.storyboard; path = Home.storyboard; sourceTree = "<group>"; };
		27E18FA02044DEBB0094E3FC /* Base */ = {isa = PBXFileReference; lastKnownFileType = file.storyboard; name = Base; path = FoodBook/Base.lproj/Search.storyboard; sourceTree = "<group>"; };
		44BE3D0FD003220376CC5473 /* Pods_FoodBook.framework */ = {isa = PBXFileReference; explicitFileType = wrapper.framework; includeInIndex = 0; path = Pods_FoodBook.framework; sourceTree = BUILT_PRODUCTS_DIR; };
		8602223F2047329F0019425B /* Base */ = {isa = PBXFileReference; lastKnownFileType = file.storyboard; name = Base; path = FoodBook/Base.lproj/Start.storyboard; sourceTree = "<group>"; };
		86057C56207FBBB900D0BF5A /* AuthService.swift */ = {isa = PBXFileReference; lastKnownFileType = sourcecode.swift; path = AuthService.swift; sourceTree = "<group>"; };
		861F8CCF2061C7AB00C4D471 /* SignUpViewController.swift */ = {isa = PBXFileReference; lastKnownFileType = sourcecode.swift; path = SignUpViewController.swift; sourceTree = "<group>"; };
		8640EBD920743BAA00D3435C /* SearchViewController.swift */ = {isa = PBXFileReference; lastKnownFileType = sourcecode.swift; path = SearchViewController.swift; sourceTree = "<group>"; };
		8640EBDB20743C8800D3435C /* PeopleTableViewCell.swift */ = {isa = PBXFileReference; lastKnownFileType = sourcecode.swift; path = PeopleTableViewCell.swift; sourceTree = "<group>"; };
		867EAE8D2062F31900AF7F91 /* User.swift */ = {isa = PBXFileReference; lastKnownFileType = sourcecode.swift; path = User.swift; sourceTree = "<group>"; };
		8686F1D4206EEB950046BC82 /* ResetPasswordViewController.swift */ = {isa = PBXFileReference; lastKnownFileType = sourcecode.swift; path = ResetPasswordViewController.swift; sourceTree = "<group>"; };
		868FA5AE2062B81F00BE3484 /* Post.swift */ = {isa = PBXFileReference; fileEncoding = 4; lastKnownFileType = sourcecode.swift; path = Post.swift; sourceTree = "<group>"; };
		868FA5B02062B84400BE3484 /* PostTableViewCell.swift */ = {isa = PBXFileReference; fileEncoding = 4; lastKnownFileType = sourcecode.swift; path = PostTableViewCell.swift; sourceTree = "<group>"; };
		868FA5B12062B84400BE3484 /* PostViewController.swift */ = {isa = PBXFileReference; fileEncoding = 4; lastKnownFileType = sourcecode.swift; path = PostViewController.swift; sourceTree = "<group>"; };
		868FA5B22062B84400BE3484 /* HomeViewController.swift */ = {isa = PBXFileReference; fileEncoding = 4; lastKnownFileType = sourcecode.swift; path = HomeViewController.swift; sourceTree = "<group>"; };
		868FA5BA2062C15600BE3484 /* ProfileUserViewController.swift */ = {isa = PBXFileReference; lastKnownFileType = sourcecode.swift; path = ProfileUserViewController.swift; sourceTree = "<group>"; };
		868FA5BE2062C1F300BE3484 /* PhotoCollectionViewCell.swift */ = {isa = PBXFileReference; fileEncoding = 4; lastKnownFileType = sourcecode.swift; path = PhotoCollectionViewCell.swift; sourceTree = "<group>"; };
		868FA5C02062C20400BE3484 /* HeaderProfileCollectionReusableView.swift */ = {isa = PBXFileReference; fileEncoding = 4; lastKnownFileType = sourcecode.swift; path = HeaderProfileCollectionReusableView.swift; sourceTree = "<group>"; };
		86BDF398206085FE00B74C21 /* SignInViewController.swift */ = {isa = PBXFileReference; lastKnownFileType = sourcecode.swift; path = SignInViewController.swift; sourceTree = "<group>"; };
		86DA6120207D4D4A006A5A85 /* Api.swift */ = {isa = PBXFileReference; lastKnownFileType = sourcecode.swift; path = Api.swift; sourceTree = "<group>"; };
		86F5686E203F23970018FFBE /* FoodBook.app */ = {isa = PBXFileReference; explicitFileType = wrapper.application; includeInIndex = 0; path = FoodBook.app; sourceTree = BUILT_PRODUCTS_DIR; };
		86F56871203F23970018FFBE /* AppDelegate.swift */ = {isa = PBXFileReference; lastKnownFileType = sourcecode.swift; path = AppDelegate.swift; sourceTree = "<group>"; };
		86F56878203F23970018FFBE /* Base */ = {isa = PBXFileReference; lastKnownFileType = file.storyboard; name = Base; path = Base.lproj/Main.storyboard; sourceTree = "<group>"; };
		86F5687A203F23970018FFBE /* Assets.xcassets */ = {isa = PBXFileReference; lastKnownFileType = folder.assetcatalog; path = Assets.xcassets; sourceTree = "<group>"; };
		86F5687D203F23970018FFBE /* Base */ = {isa = PBXFileReference; lastKnownFileType = file.storyboard; name = Base; path = Base.lproj/LaunchScreen.storyboard; sourceTree = "<group>"; };
		86F5687F203F23970018FFBE /* Info.plist */ = {isa = PBXFileReference; lastKnownFileType = text.plist.xml; path = Info.plist; sourceTree = "<group>"; };
		FE6293FA1DFDE50566C9C3EB /* Pods-FoodBook.debug.xcconfig */ = {isa = PBXFileReference; includeInIndex = 1; lastKnownFileType = text.xcconfig; name = "Pods-FoodBook.debug.xcconfig"; path = "Pods/Target Support Files/Pods-FoodBook/Pods-FoodBook.debug.xcconfig"; sourceTree = "<group>"; };
/* End PBXFileReference section */

/* Begin PBXFrameworksBuildPhase section */
		86F5686B203F23970018FFBE /* Frameworks */ = {
			isa = PBXFrameworksBuildPhase;
			buildActionMask = 2147483647;
			files = (
				969CC3D623B6251D4D1CF807 /* Pods_FoodBook.framework in Frameworks */,
			);
			runOnlyForDeploymentPostprocessing = 0;
		};
/* End PBXFrameworksBuildPhase section */

/* Begin PBXGroup section */
		663EB111426387584DBC7741 /* Frameworks */ = {
			isa = PBXGroup;
			children = (
				44BE3D0FD003220376CC5473 /* Pods_FoodBook.framework */,
			);
			name = Frameworks;
			sourceTree = "<group>";
		};
		686E13BDD2126D0816CC2A48 /* Pods */ = {
			isa = PBXGroup;
			children = (
				FE6293FA1DFDE50566C9C3EB /* Pods-FoodBook.debug.xcconfig */,
				09AFD7025CB79A0F7FA763CE /* Pods-FoodBook.release.xcconfig */,
			);
			name = Pods;
			sourceTree = "<group>";
		};
		868FDBDA2072837E0061E68E /* ViewControllers */ = {
			isa = PBXGroup;
			children = (
				27070D0B2087014F002AD1AE /* DetailViewController.swift */,
				86BDF398206085FE00B74C21 /* SignInViewController.swift */,
				8686F1D4206EEB950046BC82 /* ResetPasswordViewController.swift */,
				861F8CCF2061C7AB00C4D471 /* SignUpViewController.swift */,
				278538A52071A59400B1AC71 /* SettingsViewController.swift */,
				868FA5BA2062C15600BE3484 /* ProfileUserViewController.swift */,
				868FA5B22062B84400BE3484 /* HomeViewController.swift */,
				868FA5B12062B84400BE3484 /* PostViewController.swift */,
				8640EBD920743BAA00D3435C /* SearchViewController.swift */,
			);
			name = ViewControllers;
			path = "New Group1";
			sourceTree = "<group>";
		};
		868FDBDB207283A70061E68E /* Storyboards */ = {
			isa = PBXGroup;
			children = (
				8602223E2047329F0019425B /* Start.storyboard */,
				27E18F9F2044DEBB0094E3FC /* Search.storyboard */,
				27E18F9D2044DE520094E3FC /* Home.storyboard */,
				27E18F9A2044DDAF0094E3FC /* Post.storyboard */,
				27E18F982044DD600094E3FC /* ProfileUser.storyboard */,
				86F56877203F23970018FFBE /* Main.storyboard */,
				86F5687C203F23970018FFBE /* LaunchScreen.storyboard */,
			);
			name = Storyboards;
			path = "New Group2";
			sourceTree = "<group>";
		};
		86DA611E207D3109006A5A85 /* Views */ = {
			isa = PBXGroup;
			children = (
				868FA5C02062C20400BE3484 /* HeaderProfileCollectionReusableView.swift */,
				868FA5BE2062C1F300BE3484 /* PhotoCollectionViewCell.swift */,
				8640EBDB20743C8800D3435C /* PeopleTableViewCell.swift */,
				868FA5B02062B84400BE3484 /* PostTableViewCell.swift */,
			);
			path = Views;
			sourceTree = "<group>";
		};
		86DA611F207D312D006A5A85 /* Model */ = {
			isa = PBXGroup;
			children = (
				867EAE8D2062F31900AF7F91 /* User.swift */,
				868FA5AE2062B81F00BE3484 /* Post.swift */,
			);
			path = Model;
			sourceTree = "<group>";
		};
		86F56865203F23970018FFBE = {
			isa = PBXGroup;
			children = (
				86F56870203F23970018FFBE /* FoodBook */,
				86F5686F203F23970018FFBE /* Products */,
				686E13BDD2126D0816CC2A48 /* Pods */,
				663EB111426387584DBC7741 /* Frameworks */,
			);
			sourceTree = "<group>";
		};
		86F5686F203F23970018FFBE /* Products */ = {
			isa = PBXGroup;
			children = (
				86F5686E203F23970018FFBE /* FoodBook.app */,
			);
			name = Products;
			sourceTree = "<group>";
		};
		86F56870203F23970018FFBE /* FoodBook */ = {
			isa = PBXGroup;
			children = (
				868FDBDB207283A70061E68E /* Storyboards */,
				868FDBDA2072837E0061E68E /* ViewControllers */,
				86DA611F207D312D006A5A85 /* Model */,
				86DA611E207D3109006A5A85 /* Views */,
				86F56871203F23970018FFBE /* AppDelegate.swift */,
				86DA6120207D4D4A006A5A85 /* Api.swift */,
				86057C56207FBBB900D0BF5A /* AuthService.swift */,
				86F5687A203F23970018FFBE /* Assets.xcassets */,
				86F5687F203F23970018FFBE /* Info.plist */,
				27305EF6206EE2FA00B2B995 /* GoogleService-Info.plist */,
			);
			path = FoodBook;
			sourceTree = "<group>";
		};
/* End PBXGroup section */

/* Begin PBXNativeTarget section */
		86F5686D203F23970018FFBE /* FoodBook */ = {
			isa = PBXNativeTarget;
			buildConfigurationList = 86F56882203F23970018FFBE /* Build configuration list for PBXNativeTarget "FoodBook" */;
			buildPhases = (
				ACD4C7652B2F8DA3B68653AE /* [CP] Check Pods Manifest.lock */,
				86F5686A203F23970018FFBE /* Sources */,
				86F5686B203F23970018FFBE /* Frameworks */,
				86F5686C203F23970018FFBE /* Resources */,
				0E2EF83642CFF1CD875E4BAA /* [CP] Embed Pods Frameworks */,
				D75B12EF00DE54AB1B724DC7 /* [CP] Copy Pods Resources */,
			);
			buildRules = (
			);
			dependencies = (
			);
			name = FoodBook;
			productName = FoodBook;
			productReference = 86F5686E203F23970018FFBE /* FoodBook.app */;
			productType = "com.apple.product-type.application";
		};
/* End PBXNativeTarget section */

/* Begin PBXProject section */
		86F56866203F23970018FFBE /* Project object */ = {
			isa = PBXProject;
			attributes = {
				LastSwiftUpdateCheck = 0920;
				LastUpgradeCheck = 0920;
				ORGANIZATIONNAME = Team3;
				TargetAttributes = {
					86F5686D203F23970018FFBE = {
						CreatedOnToolsVersion = 9.2;
						ProvisioningStyle = Automatic;
					};
				};
			};
			buildConfigurationList = 86F56869203F23970018FFBE /* Build configuration list for PBXProject "FoodBook" */;
			compatibilityVersion = "Xcode 8.0";
			developmentRegion = en;
			hasScannedForEncodings = 0;
			knownRegions = (
				en,
				Base,
			);
			mainGroup = 86F56865203F23970018FFBE;
			productRefGroup = 86F5686F203F23970018FFBE /* Products */;
			projectDirPath = "";
			projectRoot = "";
			targets = (
				86F5686D203F23970018FFBE /* FoodBook */,
			);
		};
/* End PBXProject section */

/* Begin PBXResourcesBuildPhase section */
		86F5686C203F23970018FFBE /* Resources */ = {
			isa = PBXResourcesBuildPhase;
			buildActionMask = 2147483647;
			files = (
				27E18F9E2044DE520094E3FC /* Home.storyboard in Resources */,
				86F5687E203F23970018FFBE /* LaunchScreen.storyboard in Resources */,
				27305EF7206EE2FA00B2B995 /* GoogleService-Info.plist in Resources */,
				86F5687B203F23970018FFBE /* Assets.xcassets in Resources */,
				27E18F992044DD600094E3FC /* ProfileUser.storyboard in Resources */,
				27E18FA12044DEBB0094E3FC /* Search.storyboard in Resources */,
				860222402047329F0019425B /* Start.storyboard in Resources */,
				86F56879203F23970018FFBE /* Main.storyboard in Resources */,
				27E18F9C2044DDAF0094E3FC /* Post.storyboard in Resources */,
			);
			runOnlyForDeploymentPostprocessing = 0;
		};
/* End PBXResourcesBuildPhase section */

/* Begin PBXShellScriptBuildPhase section */
		0E2EF83642CFF1CD875E4BAA /* [CP] Embed Pods Frameworks */ = {
			isa = PBXShellScriptBuildPhase;
			buildActionMask = 2147483647;
			files = (
			);
			inputPaths = (
				"${SRCROOT}/Pods/Target Support Files/Pods-FoodBook/Pods-FoodBook-frameworks.sh",
				"${BUILT_PRODUCTS_DIR}/GTMOAuth2/GTMOAuth2.framework",
				"${BUILT_PRODUCTS_DIR}/GTMSessionFetcher/GTMSessionFetcher.framework",
				"${BUILT_PRODUCTS_DIR}/GoogleToolboxForMac/GoogleToolboxForMac.framework",
				"${BUILT_PRODUCTS_DIR}/leveldb-library/leveldb.framework",
				"${BUILT_PRODUCTS_DIR}/nanopb/nanopb.framework",
			);
			name = "[CP] Embed Pods Frameworks";
			outputPaths = (
				"${TARGET_BUILD_DIR}/${FRAMEWORKS_FOLDER_PATH}/GTMOAuth2.framework",
				"${TARGET_BUILD_DIR}/${FRAMEWORKS_FOLDER_PATH}/GTMSessionFetcher.framework",
				"${TARGET_BUILD_DIR}/${FRAMEWORKS_FOLDER_PATH}/GoogleToolboxForMac.framework",
				"${TARGET_BUILD_DIR}/${FRAMEWORKS_FOLDER_PATH}/leveldb.framework",
				"${TARGET_BUILD_DIR}/${FRAMEWORKS_FOLDER_PATH}/nanopb.framework",
			);
			runOnlyForDeploymentPostprocessing = 0;
			shellPath = /bin/sh;
			shellScript = "\"${SRCROOT}/Pods/Target Support Files/Pods-FoodBook/Pods-FoodBook-frameworks.sh\"\n";
			showEnvVarsInLog = 0;
		};
		ACD4C7652B2F8DA3B68653AE /* [CP] Check Pods Manifest.lock */ = {
			isa = PBXShellScriptBuildPhase;
			buildActionMask = 2147483647;
			files = (
			);
			inputPaths = (
				"${PODS_PODFILE_DIR_PATH}/Podfile.lock",
				"${PODS_ROOT}/Manifest.lock",
			);
			name = "[CP] Check Pods Manifest.lock";
			outputPaths = (
				"$(DERIVED_FILE_DIR)/Pods-FoodBook-checkManifestLockResult.txt",
			);
			runOnlyForDeploymentPostprocessing = 0;
			shellPath = /bin/sh;
			shellScript = "diff \"${PODS_PODFILE_DIR_PATH}/Podfile.lock\" \"${PODS_ROOT}/Manifest.lock\" > /dev/null\nif [ $? != 0 ] ; then\n    # print error to STDERR\n    echo \"error: The sandbox is not in sync with the Podfile.lock. Run 'pod install' or update your CocoaPods installation.\" >&2\n    exit 1\nfi\n# This output is used by Xcode 'outputs' to avoid re-running this script phase.\necho \"SUCCESS\" > \"${SCRIPT_OUTPUT_FILE_0}\"\n";
			showEnvVarsInLog = 0;
		};
		D75B12EF00DE54AB1B724DC7 /* [CP] Copy Pods Resources */ = {
			isa = PBXShellScriptBuildPhase;
			buildActionMask = 2147483647;
			files = (
			);
			inputPaths = (
				"${SRCROOT}/Pods/Target Support Files/Pods-FoodBook/Pods-FoodBook-resources.sh",
				"${PODS_ROOT}/GoogleSignIn/Resources/GoogleSignIn.bundle",
			);
			name = "[CP] Copy Pods Resources";
			outputPaths = (
				"${TARGET_BUILD_DIR}/${UNLOCALIZED_RESOURCES_FOLDER_PATH}",
			);
			runOnlyForDeploymentPostprocessing = 0;
			shellPath = /bin/sh;
			shellScript = "\"${SRCROOT}/Pods/Target Support Files/Pods-FoodBook/Pods-FoodBook-resources.sh\"\n";
			showEnvVarsInLog = 0;
		};
/* End PBXShellScriptBuildPhase section */

/* Begin PBXSourcesBuildPhase section */
		86F5686A203F23970018FFBE /* Sources */ = {
			isa = PBXSourcesBuildPhase;
			buildActionMask = 2147483647;
			files = (
				867EAE8E2062F31900AF7F91 /* User.swift in Sources */,
				868FA5AF2062B81F00BE3484 /* Post.swift in Sources */,
				868FA5BF2062C1F300BE3484 /* PhotoCollectionViewCell.swift in Sources */,
				86BDF399206085FE00B74C21 /* SignInViewController.swift in Sources */,
				868FA5B42062B84400BE3484 /* PostViewController.swift in Sources */,
				8640EBDC20743C8800D3435C /* PeopleTableViewCell.swift in Sources */,
				868FA5BB2062C15600BE3484 /* ProfileUserViewController.swift in Sources */,
				868FA5B52062B84400BE3484 /* HomeViewController.swift in Sources */,
				278538A62071A59400B1AC71 /* SettingsViewController.swift in Sources */,
				27070D0C2087014F002AD1AE /* DetailViewController.swift in Sources */,
				8640EBDA20743BAA00D3435C /* SearchViewController.swift in Sources */,
				86F56872203F23970018FFBE /* AppDelegate.swift in Sources */,
				868FA5C12062C20400BE3484 /* HeaderProfileCollectionReusableView.swift in Sources */,
				861F8CD02061C7AB00C4D471 /* SignUpViewController.swift in Sources */,
				868FA5B32062B84400BE3484 /* PostTableViewCell.swift in Sources */,
				86057C57207FBBB900D0BF5A /* AuthService.swift in Sources */,
				86DA6121207D4D4A006A5A85 /* Api.swift in Sources */,
				8686F1D5206EEB950046BC82 /* ResetPasswordViewController.swift in Sources */,
			);
			runOnlyForDeploymentPostprocessing = 0;
		};
/* End PBXSourcesBuildPhase section */

/* Begin PBXVariantGroup section */
		27E18F9A2044DDAF0094E3FC /* Post.storyboard */ = {
			isa = PBXVariantGroup;
			children = (
				27E18F9B2044DDAF0094E3FC /* Base */,
			);
			name = Post.storyboard;
			sourceTree = "<group>";
		};
		27E18F9F2044DEBB0094E3FC /* Search.storyboard */ = {
			isa = PBXVariantGroup;
			children = (
				27E18FA02044DEBB0094E3FC /* Base */,
			);
			name = Search.storyboard;
			sourceTree = "<group>";
		};
		8602223E2047329F0019425B /* Start.storyboard */ = {
			isa = PBXVariantGroup;
			children = (
				8602223F2047329F0019425B /* Base */,
			);
			name = Start.storyboard;
			sourceTree = "<group>";
		};
		86F56877203F23970018FFBE /* Main.storyboard */ = {
			isa = PBXVariantGroup;
			children = (
				86F56878203F23970018FFBE /* Base */,
			);
			name = Main.storyboard;
			sourceTree = "<group>";
		};
		86F5687C203F23970018FFBE /* LaunchScreen.storyboard */ = {
			isa = PBXVariantGroup;
			children = (
				86F5687D203F23970018FFBE /* Base */,
			);
			name = LaunchScreen.storyboard;
			sourceTree = "<group>";
		};
/* End PBXVariantGroup section */

/* Begin XCBuildConfiguration section */
		86F56880203F23970018FFBE /* Debug */ = {
			isa = XCBuildConfiguration;
			buildSettings = {
				ALWAYS_SEARCH_USER_PATHS = NO;
				CLANG_ANALYZER_NONNULL = YES;
				CLANG_ANALYZER_NUMBER_OBJECT_CONVERSION = YES_AGGRESSIVE;
				CLANG_CXX_LANGUAGE_STANDARD = "gnu++14";
				CLANG_CXX_LIBRARY = "libc++";
				CLANG_ENABLE_MODULES = YES;
				CLANG_ENABLE_OBJC_ARC = YES;
				CLANG_WARN_BLOCK_CAPTURE_AUTORELEASING = YES;
				CLANG_WARN_BOOL_CONVERSION = YES;
				CLANG_WARN_COMMA = YES;
				CLANG_WARN_CONSTANT_CONVERSION = YES;
				CLANG_WARN_DIRECT_OBJC_ISA_USAGE = YES_ERROR;
				CLANG_WARN_DOCUMENTATION_COMMENTS = YES;
				CLANG_WARN_EMPTY_BODY = YES;
				CLANG_WARN_ENUM_CONVERSION = YES;
				CLANG_WARN_INFINITE_RECURSION = YES;
				CLANG_WARN_INT_CONVERSION = YES;
				CLANG_WARN_NON_LITERAL_NULL_CONVERSION = YES;
				CLANG_WARN_OBJC_LITERAL_CONVERSION = YES;
				CLANG_WARN_OBJC_ROOT_CLASS = YES_ERROR;
				CLANG_WARN_RANGE_LOOP_ANALYSIS = YES;
				CLANG_WARN_STRICT_PROTOTYPES = YES;
				CLANG_WARN_SUSPICIOUS_MOVE = YES;
				CLANG_WARN_UNGUARDED_AVAILABILITY = YES_AGGRESSIVE;
				CLANG_WARN_UNREACHABLE_CODE = YES;
				CLANG_WARN__DUPLICATE_METHOD_MATCH = YES;
				CODE_SIGN_IDENTITY = "iPhone Developer";
				COPY_PHASE_STRIP = NO;
				DEBUG_INFORMATION_FORMAT = dwarf;
				ENABLE_STRICT_OBJC_MSGSEND = YES;
				ENABLE_TESTABILITY = YES;
				GCC_C_LANGUAGE_STANDARD = gnu11;
				GCC_DYNAMIC_NO_PIC = NO;
				GCC_NO_COMMON_BLOCKS = YES;
				GCC_OPTIMIZATION_LEVEL = 0;
				GCC_PREPROCESSOR_DEFINITIONS = (
					"DEBUG=1",
					"$(inherited)",
				);
				GCC_WARN_64_TO_32_BIT_CONVERSION = YES;
				GCC_WARN_ABOUT_RETURN_TYPE = YES_ERROR;
				GCC_WARN_UNDECLARED_SELECTOR = YES;
				GCC_WARN_UNINITIALIZED_AUTOS = YES_AGGRESSIVE;
				GCC_WARN_UNUSED_FUNCTION = YES;
				GCC_WARN_UNUSED_VARIABLE = YES;
				IPHONEOS_DEPLOYMENT_TARGET = 11.2;
				MTL_ENABLE_DEBUG_INFO = YES;
				ONLY_ACTIVE_ARCH = YES;
				SDKROOT = iphoneos;
				SWIFT_ACTIVE_COMPILATION_CONDITIONS = DEBUG;
				SWIFT_OPTIMIZATION_LEVEL = "-Onone";
			};
			name = Debug;
		};
		86F56881203F23970018FFBE /* Release */ = {
			isa = XCBuildConfiguration;
			buildSettings = {
				ALWAYS_SEARCH_USER_PATHS = NO;
				CLANG_ANALYZER_NONNULL = YES;
				CLANG_ANALYZER_NUMBER_OBJECT_CONVERSION = YES_AGGRESSIVE;
				CLANG_CXX_LANGUAGE_STANDARD = "gnu++14";
				CLANG_CXX_LIBRARY = "libc++";
				CLANG_ENABLE_MODULES = YES;
				CLANG_ENABLE_OBJC_ARC = YES;
				CLANG_WARN_BLOCK_CAPTURE_AUTORELEASING = YES;
				CLANG_WARN_BOOL_CONVERSION = YES;
				CLANG_WARN_COMMA = YES;
				CLANG_WARN_CONSTANT_CONVERSION = YES;
				CLANG_WARN_DIRECT_OBJC_ISA_USAGE = YES_ERROR;
				CLANG_WARN_DOCUMENTATION_COMMENTS = YES;
				CLANG_WARN_EMPTY_BODY = YES;
				CLANG_WARN_ENUM_CONVERSION = YES;
				CLANG_WARN_INFINITE_RECURSION = YES;
				CLANG_WARN_INT_CONVERSION = YES;
				CLANG_WARN_NON_LITERAL_NULL_CONVERSION = YES;
				CLANG_WARN_OBJC_LITERAL_CONVERSION = YES;
				CLANG_WARN_OBJC_ROOT_CLASS = YES_ERROR;
				CLANG_WARN_RANGE_LOOP_ANALYSIS = YES;
				CLANG_WARN_STRICT_PROTOTYPES = YES;
				CLANG_WARN_SUSPICIOUS_MOVE = YES;
				CLANG_WARN_UNGUARDED_AVAILABILITY = YES_AGGRESSIVE;
				CLANG_WARN_UNREACHABLE_CODE = YES;
				CLANG_WARN__DUPLICATE_METHOD_MATCH = YES;
				CODE_SIGN_IDENTITY = "iPhone Developer";
				COPY_PHASE_STRIP = NO;
				DEBUG_INFORMATION_FORMAT = "dwarf-with-dsym";
				ENABLE_NS_ASSERTIONS = NO;
				ENABLE_STRICT_OBJC_MSGSEND = YES;
				GCC_C_LANGUAGE_STANDARD = gnu11;
				GCC_NO_COMMON_BLOCKS = YES;
				GCC_WARN_64_TO_32_BIT_CONVERSION = YES;
				GCC_WARN_ABOUT_RETURN_TYPE = YES_ERROR;
				GCC_WARN_UNDECLARED_SELECTOR = YES;
				GCC_WARN_UNINITIALIZED_AUTOS = YES_AGGRESSIVE;
				GCC_WARN_UNUSED_FUNCTION = YES;
				GCC_WARN_UNUSED_VARIABLE = YES;
				IPHONEOS_DEPLOYMENT_TARGET = 11.2;
				MTL_ENABLE_DEBUG_INFO = NO;
				SDKROOT = iphoneos;
				SWIFT_OPTIMIZATION_LEVEL = "-Owholemodule";
				VALIDATE_PRODUCT = YES;
			};
			name = Release;
		};
		86F56883203F23970018FFBE /* Debug */ = {
			isa = XCBuildConfiguration;
			baseConfigurationReference = FE6293FA1DFDE50566C9C3EB /* Pods-FoodBook.debug.xcconfig */;
			buildSettings = {
				ASSETCATALOG_COMPILER_APPICON_NAME = AppIcon;
				CODE_SIGN_STYLE = Automatic;
				DEVELOPMENT_TEAM = ES2M475LSA;
				INFOPLIST_FILE = FoodBook/Info.plist;
				LD_RUNPATH_SEARCH_PATHS = "$(inherited) @executable_path/Frameworks";
				PRODUCT_BUNDLE_IDENTIFIER = utcs.FoodBook;
				PRODUCT_NAME = "$(TARGET_NAME)";
				SWIFT_VERSION = 4.0;
				TARGETED_DEVICE_FAMILY = "1,2";
			};
			name = Debug;
		};
		86F56884203F23970018FFBE /* Release */ = {
			isa = XCBuildConfiguration;
			baseConfigurationReference = 09AFD7025CB79A0F7FA763CE /* Pods-FoodBook.release.xcconfig */;
			buildSettings = {
				ASSETCATALOG_COMPILER_APPICON_NAME = AppIcon;
				CODE_SIGN_STYLE = Automatic;
				DEVELOPMENT_TEAM = ES2M475LSA;
				INFOPLIST_FILE = FoodBook/Info.plist;
				LD_RUNPATH_SEARCH_PATHS = "$(inherited) @executable_path/Frameworks";
				PRODUCT_BUNDLE_IDENTIFIER = utcs.FoodBook;
				PRODUCT_NAME = "$(TARGET_NAME)";
				SWIFT_VERSION = 4.0;
				TARGETED_DEVICE_FAMILY = "1,2";
			};
			name = Release;
		};
/* End XCBuildConfiguration section */

/* Begin XCConfigurationList section */
		86F56869203F23970018FFBE /* Build configuration list for PBXProject "FoodBook" */ = {
			isa = XCConfigurationList;
			buildConfigurations = (
				86F56880203F23970018FFBE /* Debug */,
				86F56881203F23970018FFBE /* Release */,
			);
			defaultConfigurationIsVisible = 0;
			defaultConfigurationName = Release;
		};
		86F56882203F23970018FFBE /* Build configuration list for PBXNativeTarget "FoodBook" */ = {
			isa = XCConfigurationList;
			buildConfigurations = (
				86F56883203F23970018FFBE /* Debug */,
				86F56884203F23970018FFBE /* Release */,
			);
			defaultConfigurationIsVisible = 0;
			defaultConfigurationName = Release;
		};
/* End XCConfigurationList section */
	};
	rootObject = 86F56866203F23970018FFBE /* Project object */;
}
